// !$*UTF8*$!
{
	archiveVersion = 1;
	classes = {
	};
	objectVersion = 56;
	objects = {

/* Begin PBXBuildFile section */
		52E324552C70883600BD8E60 /* EmojiLoverApp.swift in Sources */ = {isa = PBXBuildFile; fileRef = 52E324542C70883600BD8E60 /* EmojiLoverApp.swift */; };
		52E324572C70883600BD8E60 /* ContentView.swift in Sources */ = {isa = PBXBuildFile; fileRef = 52E324562C70883600BD8E60 /* ContentView.swift */; };
		52E324592C70883800BD8E60 /* Assets.xcassets in Resources */ = {isa = PBXBuildFile; fileRef = 52E324582C70883800BD8E60 /* Assets.xcassets */; };
		52E3245C2C70883800BD8E60 /* Preview Assets.xcassets in Resources */ = {isa = PBXBuildFile; fileRef = 52E3245B2C70883800BD8E60 /* Preview Assets.xcassets */; };
		52E324662C70883800BD8E60 /* EmojiLoverTests.swift in Sources */ = {isa = PBXBuildFile; fileRef = 52E324652C70883800BD8E60 /* EmojiLoverTests.swift */; };
		52E324702C70883800BD8E60 /* EmojiLoverUITests.swift in Sources */ = {isa = PBXBuildFile; fileRef = 52E3246F2C70883800BD8E60 /* EmojiLoverUITests.swift */; };
		52E324722C70883800BD8E60 /* EmojiLoverUITestsLaunchTests.swift in Sources */ = {isa = PBXBuildFile; fileRef = 52E324712C70883800BD8E60 /* EmojiLoverUITestsLaunchTests.swift */; };
/* End PBXBuildFile section */

/* Begin PBXContainerItemProxy section */
		52E324622C70883800BD8E60 /* PBXContainerItemProxy */ = {
			isa = PBXContainerItemProxy;
			containerPortal = 52E324492C70883600BD8E60 /* Project object */;
			proxyType = 1;
			remoteGlobalIDString = 52E324502C70883600BD8E60;
			remoteInfo = EmojiLover;
		};
		52E3246C2C70883800BD8E60 /* PBXContainerItemProxy */ = {
			isa = PBXContainerItemProxy;
			containerPortal = 52E324492C70883600BD8E60 /* Project object */;
			proxyType = 1;
			remoteGlobalIDString = 52E324502C70883600BD8E60;
			remoteInfo = EmojiLover;
		};
/* End PBXContainerItemProxy section */

/* Begin PBXFileReference section */
		52E324512C70883600BD8E60 /* EmojiLover.app */ = {isa = PBXFileReference; explicitFileType = wrapper.application; includeInIndex = 0; path = EmojiLover.app; sourceTree = BUILT_PRODUCTS_DIR; };
		52E324542C70883600BD8E60 /* EmojiLoverApp.swift */ = {isa = PBXFileReference; lastKnownFileType = sourcecode.swift; path = EmojiLoverApp.swift; sourceTree = "<group>"; };
		52E324562C70883600BD8E60 /* ContentView.swift */ = {isa = PBXFileReference; lastKnownFileType = sourcecode.swift; path = ContentView.swift; sourceTree = "<group>"; };
		52E324582C70883800BD8E60 /* Assets.xcassets */ = {isa = PBXFileReference; lastKnownFileType = folder.assetcatalog; path = Assets.xcassets; sourceTree = "<group>"; };
		52E3245B2C70883800BD8E60 /* Preview Assets.xcassets */ = {isa = PBXFileReference; lastKnownFileType = folder.assetcatalog; path = "Preview Assets.xcassets"; sourceTree = "<group>"; };
		52E324612C70883800BD8E60 /* EmojiLoverTests.xctest */ = {isa = PBXFileReference; explicitFileType = wrapper.cfbundle; includeInIndex = 0; path = EmojiLoverTests.xctest; sourceTree = BUILT_PRODUCTS_DIR; };
		52E324652C70883800BD8E60 /* EmojiLoverTests.swift */ = {isa = PBXFileReference; lastKnownFileType = sourcecode.swift; path = EmojiLoverTests.swift; sourceTree = "<group>"; };
		52E3246B2C70883800BD8E60 /* EmojiLoverUITests.xctest */ = {isa = PBXFileReference; explicitFileType = wrapper.cfbundle; includeInIndex = 0; path = EmojiLoverUITests.xctest; sourceTree = BUILT_PRODUCTS_DIR; };
		52E3246F2C70883800BD8E60 /* EmojiLoverUITests.swift */ = {isa = PBXFileReference; lastKnownFileType = sourcecode.swift; path = EmojiLoverUITests.swift; sourceTree = "<group>"; };
		52E324712C70883800BD8E60 /* EmojiLoverUITestsLaunchTests.swift */ = {isa = PBXFileReference; lastKnownFileType = sourcecode.swift; path = EmojiLoverUITestsLaunchTests.swift; sourceTree = "<group>"; };
/* End PBXFileReference section */

/* Begin PBXFrameworksBuildPhase section */
		52E3244E2C70883600BD8E60 /* Frameworks */ = {
			isa = PBXFrameworksBuildPhase;
			buildActionMask = 2147483647;
			files = (
			);
			runOnlyForDeploymentPostprocessing = 0;
		};
		52E3245E2C70883800BD8E60 /* Frameworks */ = {
			isa = PBXFrameworksBuildPhase;
			buildActionMask = 2147483647;
			files = (
			);
			runOnlyForDeploymentPostprocessing = 0;
		};
		52E324682C70883800BD8E60 /* Frameworks */ = {
			isa = PBXFrameworksBuildPhase;
			buildActionMask = 2147483647;
			files = (
			);
			runOnlyForDeploymentPostprocessing = 0;
		};
/* End PBXFrameworksBuildPhase section */

/* Begin PBXGroup section */
		52E324482C70883600BD8E60 = {
			isa = PBXGroup;
			children = (
				52E324532C70883600BD8E60 /* EmojiLover */,
				52E324642C70883800BD8E60 /* EmojiLoverTests */,
				52E3246E2C70883800BD8E60 /* EmojiLoverUITests */,
				52E324522C70883600BD8E60 /* Products */,
			);
			sourceTree = "<group>";
		};
		52E324522C70883600BD8E60 /* Products */ = {
			isa = PBXGroup;
			children = (
				52E324512C70883600BD8E60 /* EmojiLover.app */,
				52E324612C70883800BD8E60 /* EmojiLoverTests.xctest */,
				52E3246B2C70883800BD8E60 /* EmojiLoverUITests.xctest */,
			);
			name = Products;
			sourceTree = "<group>";
		};
		52E324532C70883600BD8E60 /* EmojiLover */ = {
			isa = PBXGroup;
			children = (
				52E324542C70883600BD8E60 /* EmojiLoverApp.swift */,
				52E324562C70883600BD8E60 /* ContentView.swift */,
				52E324582C70883800BD8E60 /* Assets.xcassets */,
				52E3245A2C70883800BD8E60 /* Preview Content */,
			);
			path = EmojiLover;
			sourceTree = "<group>";
		};
		52E3245A2C70883800BD8E60 /* Preview Content */ = {
			isa = PBXGroup;
			children = (
				52E3245B2C70883800BD8E60 /* Preview Assets.xcassets */,
			);
			path = "Preview Content";
			sourceTree = "<group>";
		};
		52E324642C70883800BD8E60 /* EmojiLoverTests */ = {
			isa = PBXGroup;
			children = (
				52E324652C70883800BD8E60 /* EmojiLoverTests.swift */,
			);
			path = EmojiLoverTests;
			sourceTree = "<group>";
		};
		52E3246E2C70883800BD8E60 /* EmojiLoverUITests */ = {
			isa = PBXGroup;
			children = (
				52E3246F2C70883800BD8E60 /* EmojiLoverUITests.swift */,
				52E324712C70883800BD8E60 /* EmojiLoverUITestsLaunchTests.swift */,
			);
			path = EmojiLoverUITests;
			sourceTree = "<group>";
		};
/* End PBXGroup section */

/* Begin PBXNativeTarget section */
		52E324502C70883600BD8E60 /* EmojiLover */ = {
			isa = PBXNativeTarget;
			buildConfigurationList = 52E324752C70883800BD8E60 /* Build configuration list for PBXNativeTarget "EmojiLover" */;
			buildPhases = (
				52E3244D2C70883600BD8E60 /* Sources */,
				52E3244E2C70883600BD8E60 /* Frameworks */,
				52E3244F2C70883600BD8E60 /* Resources */,
			);
			buildRules = (
			);
			dependencies = (
			);
			name = EmojiLover;
			productName = EmojiLover;
			productReference = 52E324512C70883600BD8E60 /* EmojiLover.app */;
			productType = "com.apple.product-type.application";
		};
		52E324602C70883800BD8E60 /* EmojiLoverTests */ = {
			isa = PBXNativeTarget;
			buildConfigurationList = 52E324782C70883800BD8E60 /* Build configuration list for PBXNativeTarget "EmojiLoverTests" */;
			buildPhases = (
				52E3245D2C70883800BD8E60 /* Sources */,
				52E3245E2C70883800BD8E60 /* Frameworks */,
				52E3245F2C70883800BD8E60 /* Resources */,
			);
			buildRules = (
			);
			dependencies = (
				52E324632C70883800BD8E60 /* PBXTargetDependency */,
			);
			name = EmojiLoverTests;
			productName = EmojiLoverTests;
			productReference = 52E324612C70883800BD8E60 /* EmojiLoverTests.xctest */;
			productType = "com.apple.product-type.bundle.unit-test";
		};
		52E3246A2C70883800BD8E60 /* EmojiLoverUITests */ = {
			isa = PBXNativeTarget;
			buildConfigurationList = 52E3247B2C70883800BD8E60 /* Build configuration list for PBXNativeTarget "EmojiLoverUITests" */;
			buildPhases = (
				52E324672C70883800BD8E60 /* Sources */,
				52E324682C70883800BD8E60 /* Frameworks */,
				52E324692C70883800BD8E60 /* Resources */,
			);
			buildRules = (
			);
			dependencies = (
				52E3246D2C70883800BD8E60 /* PBXTargetDependency */,
			);
			name = EmojiLoverUITests;
			productName = EmojiLoverUITests;
			productReference = 52E3246B2C70883800BD8E60 /* EmojiLoverUITests.xctest */;
			productType = "com.apple.product-type.bundle.ui-testing";
		};
/* End PBXNativeTarget section */

/* Begin PBXProject section */
		52E324492C70883600BD8E60 /* Project object */ = {
			isa = PBXProject;
			attributes = {
				BuildIndependentTargetsInParallel = 1;
				LastSwiftUpdateCheck = 1540;
				LastUpgradeCheck = 1540;
				TargetAttributes = {
					52E324502C70883600BD8E60 = {
						CreatedOnToolsVersion = 15.4;
					};
					52E324602C70883800BD8E60 = {
						CreatedOnToolsVersion = 15.4;
						TestTargetID = 52E324502C70883600BD8E60;
					};
					52E3246A2C70883800BD8E60 = {
						CreatedOnToolsVersion = 15.4;
						TestTargetID = 52E324502C70883600BD8E60;
					};
				};
			};
			buildConfigurationList = 52E3244C2C70883600BD8E60 /* Build configuration list for PBXProject "EmojiLover" */;
			compatibilityVersion = "Xcode 14.0";
			developmentRegion = en;
			hasScannedForEncodings = 0;
			knownRegions = (
				en,
				Base,
			);
			mainGroup = 52E324482C70883600BD8E60;
			productRefGroup = 52E324522C70883600BD8E60 /* Products */;
			projectDirPath = "";
			projectRoot = "";
			targets = (
				52E324502C70883600BD8E60 /* EmojiLover */,
				52E324602C70883800BD8E60 /* EmojiLoverTests */,
				52E3246A2C70883800BD8E60 /* EmojiLoverUITests */,
			);
		};
/* End PBXProject section */

/* Begin PBXResourcesBuildPhase section */
		52E3244F2C70883600BD8E60 /* Resources */ = {
			isa = PBXResourcesBuildPhase;
			buildActionMask = 2147483647;
			files = (
				52E3245C2C70883800BD8E60 /* Preview Assets.xcassets in Resources */,
				52E324592C70883800BD8E60 /* Assets.xcassets in Resources */,
			);
			runOnlyForDeploymentPostprocessing = 0;
		};
		52E3245F2C70883800BD8E60 /* Resources */ = {
			isa = PBXResourcesBuildPhase;
			buildActionMask = 2147483647;
			files = (
			);
			runOnlyForDeploymentPostprocessing = 0;
		};
		52E324692C70883800BD8E60 /* Resources */ = {
			isa = PBXResourcesBuildPhase;
			buildActionMask = 2147483647;
			files = (
			);
			runOnlyForDeploymentPostprocessing = 0;
		};
/* End PBXResourcesBuildPhase section */

/* Begin PBXSourcesBuildPhase section */
		52E3244D2C70883600BD8E60 /* Sources */ = {
			isa = PBXSourcesBuildPhase;
			buildActionMask = 2147483647;
			files = (
				52E324572C70883600BD8E60 /* ContentView.swift in Sources */,
				52E324552C70883600BD8E60 /* EmojiLoverApp.swift in Sources */,
			);
			runOnlyForDeploymentPostprocessing = 0;
		};
		52E3245D2C70883800BD8E60 /* Sources */ = {
			isa = PBXSourcesBuildPhase;
			buildActionMask = 2147483647;
			files = (
				52E324662C70883800BD8E60 /* EmojiLoverTests.swift in Sources */,
			);
			runOnlyForDeploymentPostprocessing = 0;
		};
		52E324672C70883800BD8E60 /* Sources */ = {
			isa = PBXSourcesBuildPhase;
			buildActionMask = 2147483647;
			files = (
				52E324722C70883800BD8E60 /* EmojiLoverUITestsLaunchTests.swift in Sources */,
				52E324702C70883800BD8E60 /* EmojiLoverUITests.swift in Sources */,
			);
			runOnlyForDeploymentPostprocessing = 0;
		};
/* End PBXSourcesBuildPhase section */

/* Begin PBXTargetDependency section */
		52E324632C70883800BD8E60 /* PBXTargetDependency */ = {
			isa = PBXTargetDependency;
			target = 52E324502C70883600BD8E60 /* EmojiLover */;
			targetProxy = 52E324622C70883800BD8E60 /* PBXContainerItemProxy */;
		};
		52E3246D2C70883800BD8E60 /* PBXTargetDependency */ = {
			isa = PBXTargetDependency;
			target = 52E324502C70883600BD8E60 /* EmojiLover */;
			targetProxy = 52E3246C2C70883800BD8E60 /* PBXContainerItemProxy */;
		};
/* End PBXTargetDependency section */

/* Begin XCBuildConfiguration section */
		52E324732C70883800BD8E60 /* Debug */ = {
			isa = XCBuildConfiguration;
			buildSettings = {
				ALWAYS_SEARCH_USER_PATHS = NO;
				ASSETCATALOG_COMPILER_GENERATE_SWIFT_ASSET_SYMBOL_EXTENSIONS = YES;
				CLANG_ANALYZER_NONNULL = YES;
				CLANG_ANALYZER_NUMBER_OBJECT_CONVERSION = YES_AGGRESSIVE;
				CLANG_CXX_LANGUAGE_STANDARD = "gnu++20";
				CLANG_ENABLE_MODULES = YES;
				CLANG_ENABLE_OBJC_ARC = YES;
				CLANG_ENABLE_OBJC_WEAK = YES;
				CLANG_WARN_BLOCK_CAPTURE_AUTORELEASING = YES;
				CLANG_WARN_BOOL_CONVERSION = YES;
				CLANG_WARN_COMMA = YES;
				CLANG_WARN_CONSTANT_CONVERSION = YES;
				CLANG_WARN_DEPRECATED_OBJC_IMPLEMENTATIONS = YES;
				CLANG_WARN_DIRECT_OBJC_ISA_USAGE = YES_ERROR;
				CLANG_WARN_DOCUMENTATION_COMMENTS = YES;
				CLANG_WARN_EMPTY_BODY = YES;
				CLANG_WARN_ENUM_CONVERSION = YES;
				CLANG_WARN_INFINITE_RECURSION = YES;
				CLANG_WARN_INT_CONVERSION = YES;
				CLANG_WARN_NON_LITERAL_NULL_CONVERSION = YES;
				CLANG_WARN_OBJC_IMPLICIT_RETAIN_SELF = YES;
				CLANG_WARN_OBJC_LITERAL_CONVERSION = YES;
				CLANG_WARN_OBJC_ROOT_CLASS = YES_ERROR;
				CLANG_WARN_QUOTED_INCLUDE_IN_FRAMEWORK_HEADER = YES;
				CLANG_WARN_RANGE_LOOP_ANALYSIS = YES;
				CLANG_WARN_STRICT_PROTOTYPES = YES;
				CLANG_WARN_SUSPICIOUS_MOVE = YES;
				CLANG_WARN_UNGUARDED_AVAILABILITY = YES_AGGRESSIVE;
				CLANG_WARN_UNREACHABLE_CODE = YES;
				CLANG_WARN__DUPLICATE_METHOD_MATCH = YES;
				COPY_PHASE_STRIP = NO;
				DEBUG_INFORMATION_FORMAT = dwarf;
				ENABLE_STRICT_OBJC_MSGSEND = YES;
				ENABLE_TESTABILITY = YES;
				ENABLE_USER_SCRIPT_SANDBOXING = YES;
				GCC_C_LANGUAGE_STANDARD = gnu17;
				GCC_DYNAMIC_NO_PIC = NO;
				GCC_NO_COMMON_BLOCKS = YES;
				GCC_OPTIMIZATION_LEVEL = 0;
				GCC_PREPROCESSOR_DEFINITIONS = (
					"DEBUG=1",
					"$(inherited)",
				);
				GCC_WARN_64_TO_32_BIT_CONVERSION = YES;
				GCC_WARN_ABOUT_RETURN_TYPE = YES_ERROR;
				GCC_WARN_UNDECLARED_SELECTOR = YES;
				GCC_WARN_UNINITIALIZED_AUTOS = YES_AGGRESSIVE;
				GCC_WARN_UNUSED_FUNCTION = YES;
				GCC_WARN_UNUSED_VARIABLE = YES;
				IPHONEOS_DEPLOYMENT_TARGET = 17.5;
				LOCALIZATION_PREFERS_STRING_CATALOGS = YES;
				MTL_ENABLE_DEBUG_INFO = INCLUDE_SOURCE;
				MTL_FAST_MATH = YES;
				ONLY_ACTIVE_ARCH = YES;
				SDKROOT = iphoneos;
				SWIFT_ACTIVE_COMPILATION_CONDITIONS = "DEBUG $(inherited)";
				SWIFT_OPTIMIZATION_LEVEL = "-Onone";
			};
			name = Debug;
		};
		52E324742C70883800BD8E60 /* Release */ = {
			isa = XCBuildConfiguration;
			buildSettings = {
				ALWAYS_SEARCH_USER_PATHS = NO;
				ASSETCATALOG_COMPILER_GENERATE_SWIFT_ASSET_SYMBOL_EXTENSIONS = YES;
				CLANG_ANALYZER_NONNULL = YES;
				CLANG_ANALYZER_NUMBER_OBJECT_CONVERSION = YES_AGGRESSIVE;
				CLANG_CXX_LANGUAGE_STANDARD = "gnu++20";
				CLANG_ENABLE_MODULES = YES;
				CLANG_ENABLE_OBJC_ARC = YES;
				CLANG_ENABLE_OBJC_WEAK = YES;
				CLANG_WARN_BLOCK_CAPTURE_AUTORELEASING = YES;
				CLANG_WARN_BOOL_CONVERSION = YES;
				CLANG_WARN_COMMA = YES;
				CLANG_WARN_CONSTANT_CONVERSION = YES;
				CLANG_WARN_DEPRECATED_OBJC_IMPLEMENTATIONS = YES;
				CLANG_WARN_DIRECT_OBJC_ISA_USAGE = YES_ERROR;
				CLANG_WARN_DOCUMENTATION_COMMENTS = YES;
				CLANG_WARN_EMPTY_BODY = YES;
				CLANG_WARN_ENUM_CONVERSION = YES;
				CLANG_WARN_INFINITE_RECURSION = YES;
				CLANG_WARN_INT_CONVERSION = YES;
				CLANG_WARN_NON_LITERAL_NULL_CONVERSION = YES;
				CLANG_WARN_OBJC_IMPLICIT_RETAIN_SELF = YES;
				CLANG_WARN_OBJC_LITERAL_CONVERSION = YES;
				CLANG_WARN_OBJC_ROOT_CLASS = YES_ERROR;
				CLANG_WARN_QUOTED_INCLUDE_IN_FRAMEWORK_HEADER = YES;
				CLANG_WARN_RANGE_LOOP_ANALYSIS = YES;
				CLANG_WARN_STRICT_PROTOTYPES = YES;
				CLANG_WARN_SUSPICIOUS_MOVE = YES;
				CLANG_WARN_UNGUARDED_AVAILABILITY = YES_AGGRESSIVE;
				CLANG_WARN_UNREACHABLE_CODE = YES;
				CLANG_WARN__DUPLICATE_METHOD_MATCH = YES;
				COPY_PHASE_STRIP = NO;
				DEBUG_INFORMATION_FORMAT = "dwarf-with-dsym";
				ENABLE_NS_ASSERTIONS = NO;
				ENABLE_STRICT_OBJC_MSGSEND = YES;
				ENABLE_USER_SCRIPT_SANDBOXING = YES;
				GCC_C_LANGUAGE_STANDARD = gnu17;
				GCC_NO_COMMON_BLOCKS = YES;
				GCC_WARN_64_TO_32_BIT_CONVERSION = YES;
				GCC_WARN_ABOUT_RETURN_TYPE = YES_ERROR;
				GCC_WARN_UNDECLARED_SELECTOR = YES;
				GCC_WARN_UNINITIALIZED_AUTOS = YES_AGGRESSIVE;
				GCC_WARN_UNUSED_FUNCTION = YES;
				GCC_WARN_UNUSED_VARIABLE = YES;
				IPHONEOS_DEPLOYMENT_TARGET = 17.5;
				LOCALIZATION_PREFERS_STRING_CATALOGS = YES;
				MTL_ENABLE_DEBUG_INFO = NO;
				MTL_FAST_MATH = YES;
				SDKROOT = iphoneos;
				SWIFT_COMPILATION_MODE = wholemodule;
				VALIDATE_PRODUCT = YES;
			};
			name = Release;
		};
		52E324762C70883800BD8E60 /* Debug */ = {
			isa = XCBuildConfiguration;
			buildSettings = {
				ASSETCATALOG_COMPILER_APPICON_NAME = AppIcon;
				ASSETCATALOG_COMPILER_GLOBAL_ACCENT_COLOR_NAME = AccentColor;
				CODE_SIGN_STYLE = Automatic;
				CURRENT_PROJECT_VERSION = 1;
				DEVELOPMENT_ASSET_PATHS = "\"EmojiLover/Preview Content\"";
				ENABLE_PREVIEWS = YES;
				GENERATE_INFOPLIST_FILE = YES;
				INFOPLIST_KEY_UIApplicationSceneManifest_Generation = YES;
				INFOPLIST_KEY_UIApplicationSupportsIndirectInputEvents = YES;
				INFOPLIST_KEY_UILaunchScreen_Generation = YES;
				INFOPLIST_KEY_UISupportedInterfaceOrientations_iPad = "UIInterfaceOrientationPortrait UIInterfaceOrientationPortraitUpsideDown UIInterfaceOrientationLandscapeLeft UIInterfaceOrientationLandscapeRight";
				INFOPLIST_KEY_UISupportedInterfaceOrientations_iPhone = "UIInterfaceOrientationPortrait UIInterfaceOrientationLandscapeLeft UIInterfaceOrientationLandscapeRight";
				LD_RUNPATH_SEARCH_PATHS = (
					"$(inherited)",
					"@executable_path/Frameworks",
				);
				MARKETING_VERSION = 1.0;
				PRODUCT_BUNDLE_IDENTIFIER = vgoychev.EmojiLover;
				PRODUCT_NAME = "$(TARGET_NAME)";
				SWIFT_EMIT_LOC_STRINGS = YES;
				SWIFT_VERSION = 5.0;
				TARGETED_DEVICE_FAMILY = "1,2";
			};
			name = Debug;
		};
		52E324772C70883800BD8E60 /* Release */ = {
			isa = XCBuildConfiguration;
			buildSettings = {
				ASSETCATALOG_COMPILER_APPICON_NAME = AppIcon;
				ASSETCATALOG_COMPILER_GLOBAL_ACCENT_COLOR_NAME = AccentColor;
				CODE_SIGN_STYLE = Automatic;
				CURRENT_PROJECT_VERSION = 1;
				DEVELOPMENT_ASSET_PATHS = "\"EmojiLover/Preview Content\"";
				ENABLE_PREVIEWS = YES;
				GENERATE_INFOPLIST_FILE = YES;
				INFOPLIST_KEY_UIApplicationSceneManifest_Generation = YES;
				INFOPLIST_KEY_UIApplicationSupportsIndirectInputEvents = YES;
				INFOPLIST_KEY_UILaunchScreen_Generation = YES;
				INFOPLIST_KEY_UISupportedInterfaceOrientations_iPad = "UIInterfaceOrientationPortrait UIInterfaceOrientationPortraitUpsideDown UIInterfaceOrientationLandscapeLeft UIInterfaceOrientationLandscapeRight";
				INFOPLIST_KEY_UISupportedInterfaceOrientations_iPhone = "UIInterfaceOrientationPortrait UIInterfaceOrientationLandscapeLeft UIInterfaceOrientationLandscapeRight";
				LD_RUNPATH_SEARCH_PATHS = (
					"$(inherited)",
					"@executable_path/Frameworks",
				);
				MARKETING_VERSION = 1.0;
				PRODUCT_BUNDLE_IDENTIFIER = vgoychev.EmojiLover;
				PRODUCT_NAME = "$(TARGET_NAME)";
				SWIFT_EMIT_LOC_STRINGS = YES;
				SWIFT_VERSION = 5.0;
				TARGETED_DEVICE_FAMILY = "1,2";
			};
			name = Release;
		};
		52E324792C70883800BD8E60 /* Debug */ = {
			isa = XCBuildConfiguration;
			buildSettings = {
				ALWAYS_EMBED_SWIFT_STANDARD_LIBRARIES = YES;
				BUNDLE_LOADER = "$(TEST_HOST)";
				CODE_SIGN_STYLE = Automatic;
				CURRENT_PROJECT_VERSION = 1;
				GENERATE_INFOPLIST_FILE = YES;
				IPHONEOS_DEPLOYMENT_TARGET = 17.5;
				MARKETING_VERSION = 1.0;
				PRODUCT_BUNDLE_IDENTIFIER = vgoychev.EmojiLoverTests;
				PRODUCT_NAME = "$(TARGET_NAME)";
				SWIFT_EMIT_LOC_STRINGS = NO;
				SWIFT_VERSION = 5.0;
				TARGETED_DEVICE_FAMILY = "1,2";
				TEST_HOST = "$(BUILT_PRODUCTS_DIR)/EmojiLover.app/$(BUNDLE_EXECUTABLE_FOLDER_PATH)/EmojiLover";
			};
			name = Debug;
		};
		52E3247A2C70883800BD8E60 /* Release */ = {
			isa = XCBuildConfiguration;
			buildSettings = {
				ALWAYS_EMBED_SWIFT_STANDARD_LIBRARIES = YES;
				BUNDLE_LOADER = "$(TEST_HOST)";
				CODE_SIGN_STYLE = Automatic;
				CURRENT_PROJECT_VERSION = 1;
				GENERATE_INFOPLIST_FILE = YES;
				IPHONEOS_DEPLOYMENT_TARGET = 17.5;
				MARKETING_VERSION = 1.0;
				PRODUCT_BUNDLE_IDENTIFIER = vgoychev.EmojiLoverTests;
				PRODUCT_NAME = "$(TARGET_NAME)";
				SWIFT_EMIT_LOC_STRINGS = NO;
				SWIFT_VERSION = 5.0;
				TARGETED_DEVICE_FAMILY = "1,2";
				TEST_HOST = "$(BUILT_PRODUCTS_DIR)/EmojiLover.app/$(BUNDLE_EXECUTABLE_FOLDER_PATH)/EmojiLover";
			};
			name = Release;
		};
		52E3247C2C70883800BD8E60 /* Debug */ = {
			isa = XCBuildConfiguration;
			buildSettings = {
				ALWAYS_EMBED_SWIFT_STANDARD_LIBRARIES = YES;
				CODE_SIGN_STYLE = Automatic;
				CURRENT_PROJECT_VERSION = 1;
				GENERATE_INFOPLIST_FILE = YES;
				MARKETING_VERSION = 1.0;
				PRODUCT_BUNDLE_IDENTIFIER = vgoychev.EmojiLoverUITests;
				PRODUCT_NAME = "$(TARGET_NAME)";
				SWIFT_EMIT_LOC_STRINGS = NO;
				SWIFT_VERSION = 5.0;
				TARGETED_DEVICE_FAMILY = "1,2";
				TEST_TARGET_NAME = EmojiLover;
			};
			name = Debug;
		};
		52E3247D2C70883800BD8E60 /* Release */ = {
			isa = XCBuildConfiguration;
			buildSettings = {
				ALWAYS_EMBED_SWIFT_STANDARD_LIBRARIES = YES;
				CODE_SIGN_STYLE = Automatic;
				CURRENT_PROJECT_VERSION = 1;
				GENERATE_INFOPLIST_FILE = YES;
				MARKETING_VERSION = 1.0;
				PRODUCT_BUNDLE_IDENTIFIER = vgoychev.EmojiLoverUITests;
				PRODUCT_NAME = "$(TARGET_NAME)";
				SWIFT_EMIT_LOC_STRINGS = NO;
				SWIFT_VERSION = 5.0;
				TARGETED_DEVICE_FAMILY = "1,2";
				TEST_TARGET_NAME = EmojiLover;
			};
			name = Release;
		};
/* End XCBuildConfiguration section */

/* Begin XCConfigurationList section */
		52E3244C2C70883600BD8E60 /* Build configuration list for PBXProject "EmojiLover" */ = {
			isa = XCConfigurationList;
			buildConfigurations = (
				52E324732C70883800BD8E60 /* Debug */,
				52E324742C70883800BD8E60 /* Release */,
			);
			defaultConfigurationIsVisible = 0;
			defaultConfigurationName = Release;
		};
		52E324752C70883800BD8E60 /* Build configuration list for PBXNativeTarget "EmojiLover" */ = {
			isa = XCConfigurationList;
			buildConfigurations = (
				52E324762C70883800BD8E60 /* Debug */,
				52E324772C70883800BD8E60 /* Release */,
			);
			defaultConfigurationIsVisible = 0;
			defaultConfigurationName = Release;
		};
		52E324782C70883800BD8E60 /* Build configuration list for PBXNativeTarget "EmojiLoverTests" */ = {
			isa = XCConfigurationList;
			buildConfigurations = (
				52E324792C70883800BD8E60 /* Debug */,
				52E3247A2C70883800BD8E60 /* Release */,
			);
			defaultConfigurationIsVisible = 0;
			defaultConfigurationName = Release;
		};
		52E3247B2C70883800BD8E60 /* Build configuration list for PBXNativeTarget "EmojiLoverUITests" */ = {
			isa = XCConfigurationList;
			buildConfigurations = (
				52E3247C2C70883800BD8E60 /* Debug */,
				52E3247D2C70883800BD8E60 /* Release */,
			);
			defaultConfigurationIsVisible = 0;
			defaultConfigurationName = Release;
		};
/* End XCConfigurationList section */
	};
	rootObject = 52E324492C70883600BD8E60 /* Project object */;
}
